
Microsoft Visual Studio Solution File, Format Version 12.00
# Visual Studio Version 16
VisualStudioVersion = 16.0.29709.97
MinimumVisualStudioVersion = 10.0.40219.1
Project("{FAE04EC0-301F-11D3-BF4B-00C04F79EFBC}") = "ArithmeticMethod2", "ArithimeticMethod1\ArithmeticMethod2.csproj", "{974DC8AF-DBDC-4C5C-B2D3-E9D54FF6AD03}"
EndProject
Global
	GlobalSection(SolutionConfigurationPlatforms) = preSolution
		Debug|Any CPU = Debug|Any CPU
		Release|Any CPU = Release|Any CPU
	EndGlobalSection
	GlobalSection(ProjectConfigurationPlatforms) = postSolution
		{974DC8AF-DBDC-4C5C-B2D3-E9D54FF6AD03}.Debug|Any CPU.ActiveCfg = Debug|Any CPU
		{974DC8AF-DBDC-4C5C-B2D3-E9D54FF6AD03}.Debug|Any CPU.Build.0 = Debug|Any CPU
		{974DC8AF-DBDC-4C5C-B2D3-E9D54FF6AD03}.Release|Any CPU.ActiveCfg = Release|Any CPU
		{974DC8AF-DBDC-4C5C-B2D3-E9D54FF6AD03}.Release|Any CPU.Build.0 = Release|Any CPU
	EndGlobalSection
	GlobalSection(SolutionProperties) = preSolution
		HideSolutionNode = FALSE
	EndGlobalSection
	GlobalSection(ExtensibilityGlobals) = postSolution
		SolutionGuid = {4984683A-F0BF-4E2E-AC6A-5E4FF6AD5C89}
	EndGlobalSection
EndGlobal
